
Microsoft Visual Studio Solution File, Format Version 12.00
# Visual Studio Version 16
VisualStudioVersion = 16.0.30128.74
MinimumVisualStudioVersion = 10.0.40219.1
Project("{FAE04EC0-301F-11D3-BF4B-00C04F79EFBC}") = "iScholar", "iScholar\iScholar.csproj", "{1C9C90C8-15F0-4538-B386-8D0ACA8D0F8F}"
EndProject
Global
	GlobalSection(SolutionConfigurationPlatforms) = preSolution
		Debug|Any CPU = Debug|Any CPU
		Release|Any CPU = Release|Any CPU
	EndGlobalSection
	GlobalSection(ProjectConfigurationPlatforms) = postSolution
		{1C9C90C8-15F0-4538-B386-8D0ACA8D0F8F}.Debug|Any CPU.ActiveCfg = Debug|Any CPU
		{1C9C90C8-15F0-4538-B386-8D0ACA8D0F8F}.Debug|Any CPU.Build.0 = Debug|Any CPU
		{1C9C90C8-15F0-4538-B386-8D0ACA8D0F8F}.Release|Any CPU.ActiveCfg = Release|Any CPU
		{1C9C90C8-15F0-4538-B386-8D0ACA8D0F8F}.Release|Any CPU.Build.0 = Release|Any CPU
	EndGlobalSection
	GlobalSection(SolutionProperties) = preSolution
		HideSolutionNode = FALSE
	EndGlobalSection
	GlobalSection(ExtensibilityGlobals) = postSolution
		SolutionGuid = {6F42F6A6-C389-4A3F-9545-6586DF163997}
	EndGlobalSection
EndGlobal
